
Microsoft Visual Studio Solution File, Format Version 12.00
# Visual Studio Version 17
VisualStudioVersion = 17.12.35514.174
MinimumVisualStudioVersion = 10.0.40219.1
Project("{2150E333-8FDC-42A3-9474-1A3956D46DE8}") = "src", "src", "{5F3C0892-7941-4A50-871C-FB5B249FF81B}"
EndProject
Project("{2150E333-8FDC-42A3-9474-1A3956D46DE8}") = "test", "test", "{28A9A67D-B9C7-45BA-857C-5C1335987A49}"
EndProject
Project("{2150E333-8FDC-42A3-9474-1A3956D46DE8}") = "APIs", "APIs", "{8E899CD0-D2BD-41B8-8584-1A0925514D0C}"
EndProject
Project("{2150E333-8FDC-42A3-9474-1A3956D46DE8}") = "Infrastructure", "Infrastructure", "{5A57E00A-8922-470A-B6F1-53C3D85B9570}"
EndProject
Project("{2150E333-8FDC-42A3-9474-1A3956D46DE8}") = "UI", "UI", "{0543BA64-2C45-4CDA-9EC8-59DF301BDF66}"
EndProject
Project("{2150E333-8FDC-42A3-9474-1A3956D46DE8}") = "Client", "Client", "{13F847C3-594B-44DF-94E5-7781D04A982E}"
EndProject
Project("{2150E333-8FDC-42A3-9474-1A3956D46DE8}") = "Dashboaard", "Dashboaard", "{D7879617-A979-43A5-978C-778458BBCCB4}"
EndProject
Project("{FAE04EC0-301F-11D3-BF4B-00C04F79EFBC}") = "Talabat.APIs", "Talabat.APIs\Talabat.APIs.csproj", "{5E02FC58-4E2F-4811-8216-19382E6FBA49}"
EndProject
Project("{FAE04EC0-301F-11D3-BF4B-00C04F79EFBC}") = "Talabat.APIs.Controllers", "Talabat.APIs.Controllers\Talabat.APIs.Controllers.csproj", "{6BE1821C-D4AD-4D64-B3C3-7BC32CE7EB7F}"
EndProject
Project("{2150E333-8FDC-42A3-9474-1A3956D46DE8}") = "Core", "Core", "{75598115-BD7F-4AD4-AA2B-1D549D7D160F}"
EndProject
Project("{FAE04EC0-301F-11D3-BF4B-00C04F79EFBC}") = "Talabat.Domain", "Talabat.Domain\Talabat.Domain.csproj", "{38A8C420-4C9C-43CE-8761-09E0DC629232}"
EndProject
Project("{FAE04EC0-301F-11D3-BF4B-00C04F79EFBC}") = "Talabat.Application", "Talabat.Application\Talabat.Application.csproj", "{00110F99-2448-445C-9C82-8FF1F2F1B021}"
EndProject
Project("{FAE04EC0-301F-11D3-BF4B-00C04F79EFBC}") = "Talabat.Application.Abstraction", "Talabat.Application.Abstraction\Talabat.Application.Abstraction.csproj", "{96E1AD72-393A-4EC9-ABB5-60C1B19AB42B}"
EndProject
Project("{FAE04EC0-301F-11D3-BF4B-00C04F79EFBC}") = "Talabat.Infrastructure", "Talabat.Infrastructure\Talabat.Infrastructure.csproj", "{73274A2B-9A5E-4F0D-9AB9-867DE05DF9DE}"
EndProject
Project("{FAE04EC0-301F-11D3-BF4B-00C04F79EFBC}") = "Talabat.Infrastructure.Persistence", "Talabat.Infrastructure.Persistence\Talabat.Infrastructure.Persistence.csproj", "{09A2F7F2-4260-4C7F-994A-70CFB55B22F0}"
EndProject
Project("{54A90642-561A-4BB1-A94E-469ADEE60C69}") = "Talabat.Client", "Talabat.Client\Talabat.Client.esproj", "{194014F1-6A70-4969-99BE-84EC2DD36862}"
EndProject
Project("{FAE04EC0-301F-11D3-BF4B-00C04F79EFBC}") = "Talabat.Dashboard", "Talabat.Dashboard\Talabat.Dashboard.csproj", "{EC5FE24E-33AB-4834-9E6F-155E0332617D}"
EndProject
Global
	GlobalSection(SolutionConfigurationPlatforms) = preSolution
		Debug|Any CPU = Debug|Any CPU
		Release|Any CPU = Release|Any CPU
	EndGlobalSection
	GlobalSection(ProjectConfigurationPlatforms) = postSolution
		{5E02FC58-4E2F-4811-8216-19382E6FBA49}.Debug|Any CPU.ActiveCfg = Debug|Any CPU
		{5E02FC58-4E2F-4811-8216-19382E6FBA49}.Debug|Any CPU.Build.0 = Debug|Any CPU
		{5E02FC58-4E2F-4811-8216-19382E6FBA49}.Release|Any CPU.ActiveCfg = Release|Any CPU
		{5E02FC58-4E2F-4811-8216-19382E6FBA49}.Release|Any CPU.Build.0 = Release|Any CPU
		{6BE1821C-D4AD-4D64-B3C3-7BC32CE7EB7F}.Debug|Any CPU.ActiveCfg = Debug|Any CPU
		{6BE1821C-D4AD-4D64-B3C3-7BC32CE7EB7F}.Debug|Any CPU.Build.0 = Debug|Any CPU
		{6BE1821C-D4AD-4D64-B3C3-7BC32CE7EB7F}.Release|Any CPU.ActiveCfg = Release|Any CPU
		{6BE1821C-D4AD-4D64-B3C3-7BC32CE7EB7F}.Release|Any CPU.Build.0 = Release|Any CPU
		{38A8C420-4C9C-43CE-8761-09E0DC629232}.Debug|Any CPU.ActiveCfg = Debug|Any CPU
		{38A8C420-4C9C-43CE-8761-09E0DC629232}.Debug|Any CPU.Build.0 = Debug|Any CPU
		{38A8C420-4C9C-43CE-8761-09E0DC629232}.Release|Any CPU.ActiveCfg = Release|Any CPU
		{38A8C420-4C9C-43CE-8761-09E0DC629232}.Release|Any CPU.Build.0 = Release|Any CPU
		{00110F99-2448-445C-9C82-8FF1F2F1B021}.Debug|Any CPU.ActiveCfg = Debug|Any CPU
		{00110F99-2448-445C-9C82-8FF1F2F1B021}.Debug|Any CPU.Build.0 = Debug|Any CPU
		{00110F99-2448-445C-9C82-8FF1F2F1B021}.Release|Any CPU.ActiveCfg = Release|Any CPU
		{00110F99-2448-445C-9C82-8FF1F2F1B021}.Release|Any CPU.Build.0 = Release|Any CPU
		{96E1AD72-393A-4EC9-ABB5-60C1B19AB42B}.Debug|Any CPU.ActiveCfg = Debug|Any CPU
		{96E1AD72-393A-4EC9-ABB5-60C1B19AB42B}.Debug|Any CPU.Build.0 = Debug|Any CPU
		{96E1AD72-393A-4EC9-ABB5-60C1B19AB42B}.Release|Any CPU.ActiveCfg = Release|Any CPU
		{96E1AD72-393A-4EC9-ABB5-60C1B19AB42B}.Release|Any CPU.Build.0 = Release|Any CPU
		{73274A2B-9A5E-4F0D-9AB9-867DE05DF9DE}.Debug|Any CPU.ActiveCfg = Debug|Any CPU
		{73274A2B-9A5E-4F0D-9AB9-867DE05DF9DE}.Debug|Any CPU.Build.0 = Debug|Any CPU
		{73274A2B-9A5E-4F0D-9AB9-867DE05DF9DE}.Release|Any CPU.ActiveCfg = Release|Any CPU
		{73274A2B-9A5E-4F0D-9AB9-867DE05DF9DE}.Release|Any CPU.Build.0 = Release|Any CPU
		{09A2F7F2-4260-4C7F-994A-70CFB55B22F0}.Debug|Any CPU.ActiveCfg = Debug|Any CPU
		{09A2F7F2-4260-4C7F-994A-70CFB55B22F0}.Debug|Any CPU.Build.0 = Debug|Any CPU
		{09A2F7F2-4260-4C7F-994A-70CFB55B22F0}.Release|Any CPU.ActiveCfg = Release|Any CPU
		{09A2F7F2-4260-4C7F-994A-70CFB55B22F0}.Release|Any CPU.Build.0 = Release|Any CPU
		{194014F1-6A70-4969-99BE-84EC2DD36862}.Debug|Any CPU.ActiveCfg = Debug|Any CPU
		{194014F1-6A70-4969-99BE-84EC2DD36862}.Debug|Any CPU.Build.0 = Debug|Any CPU
		{194014F1-6A70-4969-99BE-84EC2DD36862}.Debug|Any CPU.Deploy.0 = Debug|Any CPU
		{194014F1-6A70-4969-99BE-84EC2DD36862}.Release|Any CPU.ActiveCfg = Release|Any CPU
		{194014F1-6A70-4969-99BE-84EC2DD36862}.Release|Any CPU.Build.0 = Release|Any CPU
		{194014F1-6A70-4969-99BE-84EC2DD36862}.Release|Any CPU.Deploy.0 = Release|Any CPU
		{EC5FE24E-33AB-4834-9E6F-155E0332617D}.Debug|Any CPU.ActiveCfg = Debug|Any CPU
		{EC5FE24E-33AB-4834-9E6F-155E0332617D}.Debug|Any CPU.Build.0 = Debug|Any CPU
		{EC5FE24E-33AB-4834-9E6F-155E0332617D}.Release|Any CPU.ActiveCfg = Release|Any CPU
		{EC5FE24E-33AB-4834-9E6F-155E0332617D}.Release|Any CPU.Build.0 = Release|Any CPU
	EndGlobalSection
	GlobalSection(SolutionProperties) = preSolution
		HideSolutionNode = FALSE
	EndGlobalSection
	GlobalSection(NestedProjects) = preSolution
		{8E899CD0-D2BD-41B8-8584-1A0925514D0C} = {5F3C0892-7941-4A50-871C-FB5B249FF81B}
		{5A57E00A-8922-470A-B6F1-53C3D85B9570} = {5F3C0892-7941-4A50-871C-FB5B249FF81B}
		{0543BA64-2C45-4CDA-9EC8-59DF301BDF66} = {5F3C0892-7941-4A50-871C-FB5B249FF81B}
		{13F847C3-594B-44DF-94E5-7781D04A982E} = {0543BA64-2C45-4CDA-9EC8-59DF301BDF66}
		{D7879617-A979-43A5-978C-778458BBCCB4} = {0543BA64-2C45-4CDA-9EC8-59DF301BDF66}
		{5E02FC58-4E2F-4811-8216-19382E6FBA49} = {8E899CD0-D2BD-41B8-8584-1A0925514D0C}
		{6BE1821C-D4AD-4D64-B3C3-7BC32CE7EB7F} = {8E899CD0-D2BD-41B8-8584-1A0925514D0C}
		{75598115-BD7F-4AD4-AA2B-1D549D7D160F} = {5F3C0892-7941-4A50-871C-FB5B249FF81B}
		{38A8C420-4C9C-43CE-8761-09E0DC629232} = {75598115-BD7F-4AD4-AA2B-1D549D7D160F}
		{00110F99-2448-445C-9C82-8FF1F2F1B021} = {75598115-BD7F-4AD4-AA2B-1D549D7D160F}
		{96E1AD72-393A-4EC9-ABB5-60C1B19AB42B} = {75598115-BD7F-4AD4-AA2B-1D549D7D160F}
		{73274A2B-9A5E-4F0D-9AB9-867DE05DF9DE} = {5A57E00A-8922-470A-B6F1-53C3D85B9570}
		{09A2F7F2-4260-4C7F-994A-70CFB55B22F0} = {5A57E00A-8922-470A-B6F1-53C3D85B9570}
		{194014F1-6A70-4969-99BE-84EC2DD36862} = {13F847C3-594B-44DF-94E5-7781D04A982E}
		{EC5FE24E-33AB-4834-9E6F-155E0332617D} = {D7879617-A979-43A5-978C-778458BBCCB4}
	EndGlobalSection
EndGlobal
